
Microsoft Visual Studio Solution File, Format Version 12.00
# Visual Studio 15
VisualStudioVersion = 15.0.28307.136
MinimumVisualStudioVersion = 10.0.40219.1
Project("{FAE04EC0-301F-11D3-BF4B-00C04F79EFBC}") = "KeyConductorSDKTester", "KeyConductorSDKTester\KeyConductorSDKTester.csproj", "{BD63B71F-6628-4BD1-BD2C-524D2FD9BD91}"
EndProject
Project("{2150E333-8FDC-42A3-9474-1A3956D46DE8}") = "Solution Items", "Solution Items", "{8C1C2FE6-0B4D-40F4-9BEB-EC9177BCDCC1}"
	ProjectSection(SolutionItems) = preProject
		LICENSE.md = LICENSE.md
		README.md = README.md
	EndProjectSection
EndProject
Global
	GlobalSection(SolutionConfigurationPlatforms) = preSolution
		Debug|Any CPU = Debug|Any CPU
		Release|Any CPU = Release|Any CPU
	EndGlobalSection
	GlobalSection(ProjectConfigurationPlatforms) = postSolution
		{BD63B71F-6628-4BD1-BD2C-524D2FD9BD91}.Debug|Any CPU.ActiveCfg = Debug|Any CPU
		{BD63B71F-6628-4BD1-BD2C-524D2FD9BD91}.Debug|Any CPU.Build.0 = Debug|Any CPU
		{BD63B71F-6628-4BD1-BD2C-524D2FD9BD91}.Release|Any CPU.ActiveCfg = Release|Any CPU
		{BD63B71F-6628-4BD1-BD2C-524D2FD9BD91}.Release|Any CPU.Build.0 = Release|Any CPU
	EndGlobalSection
	GlobalSection(SolutionProperties) = preSolution
		HideSolutionNode = FALSE
	EndGlobalSection
	GlobalSection(ExtensibilityGlobals) = postSolution
		SolutionGuid = {E4B3BF75-CDD0-4A6B-83CC-D0C18269DC47}
	EndGlobalSection
EndGlobal
